
Microsoft Visual Studio Solution File, Format Version 12.00
# Visual Studio Version 16
VisualStudioVersion = 16.0.31205.134
MinimumVisualStudioVersion = 10.0.40219.1
Project("{FAE04EC0-301F-11D3-BF4B-00C04F79EFBC}") = "PatternMathcing", "PatternMathcing.csproj", "{6C2B4646-88FD-4AD2-941A-D490C1EF019C}"
EndProject
Project("{FAE04EC0-301F-11D3-BF4B-00C04F79EFBC}") = "PatternMathcing.Tests", "..\PatternMathcing.Tests\PatternMathcing.Tests.csproj", "{C0DBCC5A-23EC-44FC-A71F-D0B53E4D61F2}"
EndProject
Global
	GlobalSection(SolutionConfigurationPlatforms) = preSolution
		Debug|Any CPU = Debug|Any CPU
		Release|Any CPU = Release|Any CPU
	EndGlobalSection
	GlobalSection(ProjectConfigurationPlatforms) = postSolution
		{6C2B4646-88FD-4AD2-941A-D490C1EF019C}.Debug|Any CPU.ActiveCfg = Debug|Any CPU
		{6C2B4646-88FD-4AD2-941A-D490C1EF019C}.Debug|Any CPU.Build.0 = Debug|Any CPU
		{6C2B4646-88FD-4AD2-941A-D490C1EF019C}.Release|Any CPU.ActiveCfg = Release|Any CPU
		{6C2B4646-88FD-4AD2-941A-D490C1EF019C}.Release|Any CPU.Build.0 = Release|Any CPU
		{C0DBCC5A-23EC-44FC-A71F-D0B53E4D61F2}.Debug|Any CPU.ActiveCfg = Debug|Any CPU
		{C0DBCC5A-23EC-44FC-A71F-D0B53E4D61F2}.Debug|Any CPU.Build.0 = Debug|Any CPU
		{C0DBCC5A-23EC-44FC-A71F-D0B53E4D61F2}.Release|Any CPU.ActiveCfg = Release|Any CPU
		{C0DBCC5A-23EC-44FC-A71F-D0B53E4D61F2}.Release|Any CPU.Build.0 = Release|Any CPU
	EndGlobalSection
	GlobalSection(SolutionProperties) = preSolution
		HideSolutionNode = FALSE
	EndGlobalSection
	GlobalSection(ExtensibilityGlobals) = postSolution
		SolutionGuid = {574B9FF9-99A0-49E5-AF9D-799E2B2CCE71}
	EndGlobalSection
EndGlobal
